
Microsoft Visual Studio Solution File, Format Version 12.00
# Visual Studio 2013
VisualStudioVersion = 12.0.30501.0
MinimumVisualStudioVersion = 10.0.40219.1
Project("{FAE04EC0-301F-11D3-BF4B-00C04F79EFBC}") = "Extremis", "Extremis\Extremis.csproj", "{8F5E5308-B62D-4CB3-8658-B50B9FE21D75}"
EndProject
Project("{FAE04EC0-301F-11D3-BF4B-00C04F79EFBC}") = "Tests", "Tests\Tests.csproj", "{B68E8B77-38A7-4EEE-B355-EC8EA7BEC9E5}"
EndProject
Global
	GlobalSection(SolutionConfigurationPlatforms) = preSolution
		Debug|Any CPU = Debug|Any CPU
		Release|Any CPU = Release|Any CPU
	EndGlobalSection
	GlobalSection(ProjectConfigurationPlatforms) = postSolution
		{8F5E5308-B62D-4CB3-8658-B50B9FE21D75}.Debug|Any CPU.ActiveCfg = Debug|Any CPU
		{8F5E5308-B62D-4CB3-8658-B50B9FE21D75}.Debug|Any CPU.Build.0 = Debug|Any CPU
		{8F5E5308-B62D-4CB3-8658-B50B9FE21D75}.Release|Any CPU.ActiveCfg = Release|Any CPU
		{8F5E5308-B62D-4CB3-8658-B50B9FE21D75}.Release|Any CPU.Build.0 = Release|Any CPU
		{B68E8B77-38A7-4EEE-B355-EC8EA7BEC9E5}.Debug|Any CPU.ActiveCfg = Debug|Any CPU
		{B68E8B77-38A7-4EEE-B355-EC8EA7BEC9E5}.Debug|Any CPU.Build.0 = Debug|Any CPU
		{B68E8B77-38A7-4EEE-B355-EC8EA7BEC9E5}.Release|Any CPU.ActiveCfg = Release|Any CPU
		{B68E8B77-38A7-4EEE-B355-EC8EA7BEC9E5}.Release|Any CPU.Build.0 = Release|Any CPU
	EndGlobalSection
	GlobalSection(SolutionProperties) = preSolution
		HideSolutionNode = FALSE
	EndGlobalSection
EndGlobal
